// !$*UTF8*$!
{
	archiveVersion = 1;
	classes = {
	};
	objectVersion = 46;
	objects = {

/* Begin PBXBuildFile section */
		280CD23B1D3DD1BD00EF2957 /* AppDelegate.swift in Sources */ = {isa = PBXBuildFile; fileRef = 280CD23A1D3DD1BD00EF2957 /* AppDelegate.swift */; };
		280CD23D1D3DD1BD00EF2957 /* ViewController.swift in Sources */ = {isa = PBXBuildFile; fileRef = 280CD23C1D3DD1BD00EF2957 /* ViewController.swift */; };
		280CD2401D3DD1BD00EF2957 /* Main.storyboard in Resources */ = {isa = PBXBuildFile; fileRef = 280CD23E1D3DD1BD00EF2957 /* Main.storyboard */; };
		280CD2431D3DD1BD00EF2957 /* beepLAH.xcdatamodeld in Sources */ = {isa = PBXBuildFile; fileRef = 280CD2411D3DD1BD00EF2957 /* beepLAH.xcdatamodeld */; };
		280CD2451D3DD1BD00EF2957 /* Assets.xcassets in Resources */ = {isa = PBXBuildFile; fileRef = 280CD2441D3DD1BD00EF2957 /* Assets.xcassets */; };
		280CD2481D3DD1BD00EF2957 /* LaunchScreen.storyboard in Resources */ = {isa = PBXBuildFile; fileRef = 280CD2461D3DD1BD00EF2957 /* LaunchScreen.storyboard */; };
/* End PBXBuildFile section */

/* Begin PBXFileReference section */
		280CD2371D3DD1BD00EF2957 /* beepLAH.app */ = {isa = PBXFileReference; explicitFileType = wrapper.application; includeInIndex = 0; path = beepLAH.app; sourceTree = BUILT_PRODUCTS_DIR; };
		280CD23A1D3DD1BD00EF2957 /* AppDelegate.swift */ = {isa = PBXFileReference; lastKnownFileType = sourcecode.swift; path = AppDelegate.swift; sourceTree = "<group>"; };
		280CD23C1D3DD1BD00EF2957 /* ViewController.swift */ = {isa = PBXFileReference; lastKnownFileType = sourcecode.swift; path = ViewController.swift; sourceTree = "<group>"; };
		280CD23F1D3DD1BD00EF2957 /* Base */ = {isa = PBXFileReference; lastKnownFileType = file.storyboard; name = Base; path = Base.lproj/Main.storyboard; sourceTree = "<group>"; };
		280CD2421D3DD1BD00EF2957 /* beepLAH.xcdatamodel */ = {isa = PBXFileReference; lastKnownFileType = wrapper.xcdatamodel; path = beepLAH.xcdatamodel; sourceTree = "<group>"; };
		280CD2441D3DD1BD00EF2957 /* Assets.xcassets */ = {isa = PBXFileReference; lastKnownFileType = folder.assetcatalog; path = Assets.xcassets; sourceTree = "<group>"; };
		280CD2471D3DD1BD00EF2957 /* Base */ = {isa = PBXFileReference; lastKnownFileType = file.storyboard; name = Base; path = Base.lproj/LaunchScreen.storyboard; sourceTree = "<group>"; };
		280CD2491D3DD1BD00EF2957 /* Info.plist */ = {isa = PBXFileReference; lastKnownFileType = text.plist.xml; path = Info.plist; sourceTree = "<group>"; };
/* End PBXFileReference section */

/* Begin PBXFrameworksBuildPhase section */
		280CD2341D3DD1BD00EF2957 /* Frameworks */ = {
			isa = PBXFrameworksBuildPhase;
			buildActionMask = 2147483647;
			files = (
			);
			runOnlyForDeploymentPostprocessing = 0;
		};
/* End PBXFrameworksBuildPhase section */

/* Begin PBXGroup section */
		280CD22E1D3DD1BD00EF2957 = {
			isa = PBXGroup;
			children = (
				280CD2391D3DD1BD00EF2957 /* beepLAH */,
				280CD2381D3DD1BD00EF2957 /* Products */,
			);
			sourceTree = "<group>";
		};
		280CD2381D3DD1BD00EF2957 /* Products */ = {
			isa = PBXGroup;
			children = (
				280CD2371D3DD1BD00EF2957 /* beepLAH.app */,
			);
			name = Products;
			sourceTree = "<group>";
		};
		280CD2391D3DD1BD00EF2957 /* beepLAH */ = {
			isa = PBXGroup;
			children = (
				280CD23A1D3DD1BD00EF2957 /* AppDelegate.swift */,
				280CD23C1D3DD1BD00EF2957 /* ViewController.swift */,
				280CD23E1D3DD1BD00EF2957 /* Main.storyboard */,
				280CD2441D3DD1BD00EF2957 /* Assets.xcassets */,
				280CD2461D3DD1BD00EF2957 /* LaunchScreen.storyboard */,
				280CD2491D3DD1BD00EF2957 /* Info.plist */,
				280CD2411D3DD1BD00EF2957 /* beepLAH.xcdatamodeld */,
			);
			path = beepLAH;
			sourceTree = "<group>";
		};
/* End PBXGroup section */

/* Begin PBXNativeTarget section */
		280CD2361D3DD1BD00EF2957 /* beepLAH */ = {
			isa = PBXNativeTarget;
			buildConfigurationList = 280CD24C1D3DD1BD00EF2957 /* Build configuration list for PBXNativeTarget "beepLAH" */;
			buildPhases = (
				280CD2331D3DD1BD00EF2957 /* Sources */,
				280CD2341D3DD1BD00EF2957 /* Frameworks */,
				280CD2351D3DD1BD00EF2957 /* Resources */,
			);
			buildRules = (
			);
			dependencies = (
			);
			name = beepLAH;
			productName = beepLAH;
			productReference = 280CD2371D3DD1BD00EF2957 /* beepLAH.app */;
			productType = "com.apple.product-type.application";
		};
/* End PBXNativeTarget section */

/* Begin PBXProject section */
		280CD22F1D3DD1BD00EF2957 /* Project object */ = {
			isa = PBXProject;
			attributes = {
				LastSwiftUpdateCheck = 0730;
				LastUpgradeCheck = 0730;
				ORGANIZATIONNAME = JJ;
				TargetAttributes = {
					280CD2361D3DD1BD00EF2957 = {
						CreatedOnToolsVersion = 7.3.1;
					};
				};
			};
			buildConfigurationList = 280CD2321D3DD1BD00EF2957 /* Build configuration list for PBXProject "beepLAH" */;
			compatibilityVersion = "Xcode 3.2";
			developmentRegion = English;
			hasScannedForEncodings = 0;
			knownRegions = (
				en,
				Base,
			);
			mainGroup = 280CD22E1D3DD1BD00EF2957;
			productRefGroup = 280CD2381D3DD1BD00EF2957 /* Products */;
			projectDirPath = "";
			projectRoot = "";
			targets = (
				280CD2361D3DD1BD00EF2957 /* beepLAH */,
			);
		};
/* End PBXProject section */

/* Begin PBXResourcesBuildPhase section */
		280CD2351D3DD1BD00EF2957 /* Resources */ = {
			isa = PBXResourcesBuildPhase;
			buildActionMask = 2147483647;
			files = (
				280CD2481D3DD1BD00EF2957 /* LaunchScreen.storyboard in Resources */,
				280CD2451D3DD1BD00EF2957 /* Assets.xcassets in Resources */,
				280CD2401D3DD1BD00EF2957 /* Main.storyboard in Resources */,
			);
			runOnlyForDeploymentPostprocessing = 0;
		};
/* End PBXResourcesBuildPhase section */

/* Begin PBXSourcesBuildPhase section */
		280CD2331D3DD1BD00EF2957 /* Sources */ = {
			isa = PBXSourcesBuildPhase;
			buildActionMask = 2147483647;
			files = (
				280CD23D1D3DD1BD00EF2957 /* ViewController.swift in Sources */,
				280CD23B1D3DD1BD00EF2957 /* AppDelegate.swift in Sources */,
				280CD2431D3DD1BD00EF2957 /* beepLAH.xcdatamodeld in Sources */,
			);
			runOnlyForDeploymentPostprocessing = 0;
		};
/* End PBXSourcesBuildPhase section */

/* Begin PBXVariantGroup section */
		280CD23E1D3DD1BD00EF2957 /* Main.storyboard */ = {
			isa = PBXVariantGroup;
			children = (
				280CD23F1D3DD1BD00EF2957 /* Base */,
			);
			name = Main.storyboard;
			sourceTree = "<group>";
		};
		280CD2461D3DD1BD00EF2957 /* LaunchScreen.storyboard */ = {
			isa = PBXVariantGroup;
			children = (
				280CD2471D3DD1BD00EF2957 /* Base */,
			);
			name = LaunchScreen.storyboard;
			sourceTree = "<group>";
		};
/* End PBXVariantGroup section */

/* Begin XCBuildConfiguration section */
		280CD24A1D3DD1BD00EF2957 /* Debug */ = {
			isa = XCBuildConfiguration;
			buildSettings = {
				ALWAYS_SEARCH_USER_PATHS = NO;
				CLANG_ANALYZER_NONNULL = YES;
				CLANG_CXX_LANGUAGE_STANDARD = "gnu++0x";
				CLANG_CXX_LIBRARY = "libc++";
				CLANG_ENABLE_MODULES = YES;
				CLANG_ENABLE_OBJC_ARC = YES;
				CLANG_WARN_BOOL_CONVERSION = YES;
				CLANG_WARN_CONSTANT_CONVERSION = YES;
				CLANG_WARN_DIRECT_OBJC_ISA_USAGE = YES_ERROR;
				CLANG_WARN_EMPTY_BODY = YES;
				CLANG_WARN_ENUM_CONVERSION = YES;
				CLANG_WARN_INT_CONVERSION = YES;
				CLANG_WARN_OBJC_ROOT_CLASS = YES_ERROR;
				CLANG_WARN_UNREACHABLE_CODE = YES;
				CLANG_WARN__DUPLICATE_METHOD_MATCH = YES;
				"CODE_SIGN_IDENTITY[sdk=iphoneos*]" = "iPhone Developer";
				COPY_PHASE_STRIP = NO;
				DEBUG_INFORMATION_FORMAT = dwarf;
				ENABLE_STRICT_OBJC_MSGSEND = YES;
				ENABLE_TESTABILITY = YES;
				GCC_C_LANGUAGE_STANDARD = gnu99;
				GCC_DYNAMIC_NO_PIC = NO;
				GCC_NO_COMMON_BLOCKS = YES;
				GCC_OPTIMIZATION_LEVEL = 0;
				GCC_PREPROCESSOR_DEFINITIONS = (
					"DEBUG=1",
					"$(inherited)",
				);
				GCC_WARN_64_TO_32_BIT_CONVERSION = YES;
				GCC_WARN_ABOUT_RETURN_TYPE = YES_ERROR;
				GCC_WARN_UNDECLARED_SELECTOR = YES;
				GCC_WARN_UNINITIALIZED_AUTOS = YES_AGGRESSIVE;
				GCC_WARN_UNUSED_FUNCTION = YES;
				GCC_WARN_UNUSED_VARIABLE = YES;
				IPHONEOS_DEPLOYMENT_TARGET = 9.3;
				MTL_ENABLE_DEBUG_INFO = YES;
				ONLY_ACTIVE_ARCH = YES;
				SDKROOT = iphoneos;
				SWIFT_OPTIMIZATION_LEVEL = "-Onone";
				TARGETED_DEVICE_FAMILY = "1,2";
			};
			name = Debug;
		};
		280CD24B1D3DD1BD00EF2957 /* Release */ = {
			isa = XCBuildConfiguration;
			buildSettings = {
				ALWAYS_SEARCH_USER_PATHS = NO;
				CLANG_ANALYZER_NONNULL = YES;
				CLANG_CXX_LANGUAGE_STANDARD = "gnu++0x";
				CLANG_CXX_LIBRARY = "libc++";
				CLANG_ENABLE_MODULES = YES;
				CLANG_ENABLE_OBJC_ARC = YES;
				CLANG_WARN_BOOL_CONVERSION = YES;
				CLANG_WARN_CONSTANT_CONVERSION = YES;
				CLANG_WARN_DIRECT_OBJC_ISA_USAGE = YES_ERROR;
				CLANG_WARN_EMPTY_BODY = YES;
				CLANG_WARN_ENUM_CONVERSION = YES;
				CLANG_WARN_INT_CONVERSION = YES;
				CLANG_WARN_OBJC_ROOT_CLASS = YES_ERROR;
				CLANG_WARN_UNREACHABLE_CODE = YES;
				CLANG_WARN__DUPLICATE_METHOD_MATCH = YES;
				"CODE_SIGN_IDENTITY[sdk=iphoneos*]" = "iPhone Developer";
				COPY_PHASE_STRIP = NO;
				DEBUG_INFORMATION_FORMAT = "dwarf-with-dsym";
				ENABLE_NS_ASSERTIONS = NO;
				ENABLE_STRICT_OBJC_MSGSEND = YES;
				GCC_C_LANGUAGE_STANDARD = gnu99;
				GCC_NO_COMMON_BLOCKS = YES;
				GCC_WARN_64_TO_32_BIT_CONVERSION = YES;
				GCC_WARN_ABOUT_RETURN_TYPE = YES_ERROR;
				GCC_WARN_UNDECLARED_SELECTOR = YES;
				GCC_WARN_UNINITIALIZED_AUTOS = YES_AGGRESSIVE;
				GCC_WARN_UNUSED_FUNCTION = YES;
				GCC_WARN_UNUSED_VARIABLE = YES;
				IPHONEOS_DEPLOYMENT_TARGET = 9.3;
				MTL_ENABLE_DEBUG_INFO = NO;
				SDKROOT = iphoneos;
				TARGETED_DEVICE_FAMILY = "1,2";
				VALIDATE_PRODUCT = YES;
			};
			name = Release;
		};
		280CD24D1D3DD1BD00EF2957 /* Debug */ = {
			isa = XCBuildConfiguration;
			buildSettings = {
				ASSETCATALOG_COMPILER_APPICON_NAME = AppIcon;
				INFOPLIST_FILE = beepLAH/Info.plist;
				LD_RUNPATH_SEARCH_PATHS = "$(inherited) @executable_path/Frameworks";
				PRODUCT_BUNDLE_IDENTIFIER = com.JJ.beepLAH;
				PRODUCT_NAME = "$(TARGET_NAME)";
			};
			name = Debug;
		};
		280CD24E1D3DD1BD00EF2957 /* Release */ = {
			isa = XCBuildConfiguration;
			buildSettings = {
				ASSETCATALOG_COMPILER_APPICON_NAME = AppIcon;
				INFOPLIST_FILE = beepLAH/Info.plist;
				LD_RUNPATH_SEARCH_PATHS = "$(inherited) @executable_path/Frameworks";
				PRODUCT_BUNDLE_IDENTIFIER = com.JJ.beepLAH;
				PRODUCT_NAME = "$(TARGET_NAME)";
			};
			name = Release;
		};
/* End XCBuildConfiguration section */

/* Begin XCConfigurationList section */
		280CD2321D3DD1BD00EF2957 /* Build configuration list for PBXProject "beepLAH" */ = {
			isa = XCConfigurationList;
			buildConfigurations = (
				280CD24A1D3DD1BD00EF2957 /* Debug */,
				280CD24B1D3DD1BD00EF2957 /* Release */,
			);
			defaultConfigurationIsVisible = 0;
			defaultConfigurationName = Release;
		};
		280CD24C1D3DD1BD00EF2957 /* Build configuration list for PBXNativeTarget "beepLAH" */ = {
			isa = XCConfigurationList;
			buildConfigurations = (
				280CD24D1D3DD1BD00EF2957 /* Debug */,
				280CD24E1D3DD1BD00EF2957 /* Release */,
			);
			defaultConfigurationIsVisible = 0;
		};
/* End XCConfigurationList section */

/* Begin XCVersionGroup section */
		280CD2411D3DD1BD00EF2957 /* beepLAH.xcdatamodeld */ = {
			isa = XCVersionGroup;
			children = (
				280CD2421D3DD1BD00EF2957 /* beepLAH.xcdatamodel */,
			);
			currentVersion = 280CD2421D3DD1BD00EF2957 /* beepLAH.xcdatamodel */;
			path = beepLAH.xcdatamodeld;
			sourceTree = "<group>";
			versionGroupType = wrapper.xcdatamodel;
		};
/* End XCVersionGroup section */
	};
	rootObject = 280CD22F1D3DD1BD00EF2957 /* Project object */;
}
