// !$*UTF8*$!
{
	archiveVersion = 1;
	classes = {
	};
	objectVersion = 46;
	objects = {

/* Begin PBXBuildFile section */
		21EB27C21D41C6C10021C7A7 /* userProfileController.swift in Sources */ = {isa = PBXBuildFile; fileRef = 21EB27C11D41C6C10021C7A7 /* userProfileController.swift */; };
		21EB27C41D41DE430021C7A7 /* UserProfileTableViewCell.swift in Sources */ = {isa = PBXBuildFile; fileRef = 21EB27C31D41DE430021C7A7 /* UserProfileTableViewCell.swift */; };
		280CD23B1D3DD1BD00EF2957 /* AppDelegate.swift in Sources */ = {isa = PBXBuildFile; fileRef = 280CD23A1D3DD1BD00EF2957 /* AppDelegate.swift */; };
		280CD2401D3DD1BD00EF2957 /* Main.storyboard in Resources */ = {isa = PBXBuildFile; fileRef = 280CD23E1D3DD1BD00EF2957 /* Main.storyboard */; };
		280CD2431D3DD1BD00EF2957 /* beepLAH.xcdatamodeld in Sources */ = {isa = PBXBuildFile; fileRef = 280CD2411D3DD1BD00EF2957 /* beepLAH.xcdatamodeld */; };
		280CD2451D3DD1BD00EF2957 /* Assets.xcassets in Resources */ = {isa = PBXBuildFile; fileRef = 280CD2441D3DD1BD00EF2957 /* Assets.xcassets */; };
		280CD2481D3DD1BD00EF2957 /* LaunchScreen.storyboard in Resources */ = {isa = PBXBuildFile; fileRef = 280CD2461D3DD1BD00EF2957 /* LaunchScreen.storyboard */; };
		280CD2501D3DD35400EF2957 /* GoogleService-Info.plist in Resources */ = {isa = PBXBuildFile; fileRef = 280CD24F1D3DD35400EF2957 /* GoogleService-Info.plist */; };
		280CD2521D3E247400EF2957 /* SignUpViewController.swift in Sources */ = {isa = PBXBuildFile; fileRef = 280CD2511D3E247400EF2957 /* SignUpViewController.swift */; };
		280CD2541D3E24AC00EF2957 /* User.swift in Sources */ = {isa = PBXBuildFile; fileRef = 280CD2531D3E24AC00EF2957 /* User.swift */; };
		280CD2561D3E24D800EF2957 /* LoginViewController.swift in Sources */ = {isa = PBXBuildFile; fileRef = 280CD2551D3E24D800EF2957 /* LoginViewController.swift */; };
		280CD2581D3E2A4300EF2957 /* CardsViewController.swift in Sources */ = {isa = PBXBuildFile; fileRef = 280CD2571D3E2A4300EF2957 /* CardsViewController.swift */; };
		28D9C7B01D40A892008656D9 /* QRCameraViewController.swift in Sources */ = {isa = PBXBuildFile; fileRef = 28D9C7AF1D40A892008656D9 /* QRCameraViewController.swift */; };
		28D9C7B21D40AA7F008656D9 /* NewsletterViewController.swift in Sources */ = {isa = PBXBuildFile; fileRef = 28D9C7B11D40AA7F008656D9 /* NewsletterViewController.swift */; };
		28D9C7B41D40AAB4008656D9 /* NewsletterCollectionViewCell.swift in Sources */ = {isa = PBXBuildFile; fileRef = 28D9C7B31D40AAB4008656D9 /* NewsletterCollectionViewCell.swift */; };
		28D9C7B81D40ACB9008656D9 /* AddCardViewController.swift in Sources */ = {isa = PBXBuildFile; fileRef = 28D9C7B71D40ACB9008656D9 /* AddCardViewController.swift */; };
		28D9C7BA1D40AFDC008656D9 /* Card.swift in Sources */ = {isa = PBXBuildFile; fileRef = 28D9C7B91D40AFDC008656D9 /* Card.swift */; };
		28D9C7BE1D40B484008656D9 /* Merchant.swift in Sources */ = {isa = PBXBuildFile; fileRef = 28D9C7BD1D40B484008656D9 /* Merchant.swift */; };
		28D9C7C01D40BDA7008656D9 /* CardCollectionViewCell.swift in Sources */ = {isa = PBXBuildFile; fileRef = 28D9C7BF1D40BDA7008656D9 /* CardCollectionViewCell.swift */; };
		28D9C7C21D40C58C008656D9 /* .gitignore in Resources */ = {isa = PBXBuildFile; fileRef = 28D9C7C11D40C58C008656D9 /* .gitignore */; };
		28D9C7C41D4396DE008656D9 /* AddCardTableViewCell.swift in Sources */ = {isa = PBXBuildFile; fileRef = 28D9C7C31D4396DE008656D9 /* AddCardTableViewCell.swift */; };
		B401A5C32FAE20309353121A /* Pods_beepLAH.framework in Frameworks */ = {isa = PBXBuildFile; fileRef = BEA08162BC5B8B6D1FC1C04F /* Pods_beepLAH.framework */; };
/* End PBXBuildFile section */

/* Begin PBXFileReference section */
		1A9F538125E8DC6A9F1C435A /* Pods-beepLAH.debug.xcconfig */ = {isa = PBXFileReference; includeInIndex = 1; lastKnownFileType = text.xcconfig; name = "Pods-beepLAH.debug.xcconfig"; path = "Pods/Target Support Files/Pods-beepLAH/Pods-beepLAH.debug.xcconfig"; sourceTree = "<group>"; };
		21EB27C11D41C6C10021C7A7 /* userProfileController.swift */ = {isa = PBXFileReference; fileEncoding = 4; lastKnownFileType = sourcecode.swift; path = userProfileController.swift; sourceTree = "<group>"; };
		21EB27C31D41DE430021C7A7 /* UserProfileTableViewCell.swift */ = {isa = PBXFileReference; fileEncoding = 4; lastKnownFileType = sourcecode.swift; path = UserProfileTableViewCell.swift; sourceTree = "<group>"; };
		280CD2371D3DD1BD00EF2957 /* beepLAH.app */ = {isa = PBXFileReference; explicitFileType = wrapper.application; includeInIndex = 0; path = beepLAH.app; sourceTree = BUILT_PRODUCTS_DIR; };
		280CD23A1D3DD1BD00EF2957 /* AppDelegate.swift */ = {isa = PBXFileReference; lastKnownFileType = sourcecode.swift; path = AppDelegate.swift; sourceTree = "<group>"; };
		280CD23F1D3DD1BD00EF2957 /* Base */ = {isa = PBXFileReference; lastKnownFileType = file.storyboard; name = Base; path = Base.lproj/Main.storyboard; sourceTree = "<group>"; };
		280CD2421D3DD1BD00EF2957 /* beepLAH.xcdatamodel */ = {isa = PBXFileReference; lastKnownFileType = wrapper.xcdatamodel; path = beepLAH.xcdatamodel; sourceTree = "<group>"; };
		280CD2441D3DD1BD00EF2957 /* Assets.xcassets */ = {isa = PBXFileReference; lastKnownFileType = folder.assetcatalog; path = Assets.xcassets; sourceTree = "<group>"; };
		280CD2471D3DD1BD00EF2957 /* Base */ = {isa = PBXFileReference; lastKnownFileType = file.storyboard; name = Base; path = Base.lproj/LaunchScreen.storyboard; sourceTree = "<group>"; };
		280CD2491D3DD1BD00EF2957 /* Info.plist */ = {isa = PBXFileReference; lastKnownFileType = text.plist.xml; path = Info.plist; sourceTree = "<group>"; };
		280CD24F1D3DD35400EF2957 /* GoogleService-Info.plist */ = {isa = PBXFileReference; fileEncoding = 4; lastKnownFileType = text.plist.xml; path = "GoogleService-Info.plist"; sourceTree = "<group>"; };
		280CD2511D3E247400EF2957 /* SignUpViewController.swift */ = {isa = PBXFileReference; fileEncoding = 4; lastKnownFileType = sourcecode.swift; path = SignUpViewController.swift; sourceTree = "<group>"; };
		280CD2531D3E24AC00EF2957 /* User.swift */ = {isa = PBXFileReference; fileEncoding = 4; lastKnownFileType = sourcecode.swift; path = User.swift; sourceTree = "<group>"; };
		280CD2551D3E24D800EF2957 /* LoginViewController.swift */ = {isa = PBXFileReference; fileEncoding = 4; lastKnownFileType = sourcecode.swift; path = LoginViewController.swift; sourceTree = "<group>"; };
		280CD2571D3E2A4300EF2957 /* CardsViewController.swift */ = {isa = PBXFileReference; fileEncoding = 4; lastKnownFileType = sourcecode.swift; path = CardsViewController.swift; sourceTree = "<group>"; };
		28D9C7AF1D40A892008656D9 /* QRCameraViewController.swift */ = {isa = PBXFileReference; fileEncoding = 4; lastKnownFileType = sourcecode.swift; path = QRCameraViewController.swift; sourceTree = "<group>"; };
		28D9C7B11D40AA7F008656D9 /* NewsletterViewController.swift */ = {isa = PBXFileReference; fileEncoding = 4; lastKnownFileType = sourcecode.swift; path = NewsletterViewController.swift; sourceTree = "<group>"; };
		28D9C7B31D40AAB4008656D9 /* NewsletterCollectionViewCell.swift */ = {isa = PBXFileReference; fileEncoding = 4; lastKnownFileType = sourcecode.swift; path = NewsletterCollectionViewCell.swift; sourceTree = "<group>"; };
		28D9C7B71D40ACB9008656D9 /* AddCardViewController.swift */ = {isa = PBXFileReference; fileEncoding = 4; lastKnownFileType = sourcecode.swift; path = AddCardViewController.swift; sourceTree = "<group>"; };
		28D9C7B91D40AFDC008656D9 /* Card.swift */ = {isa = PBXFileReference; fileEncoding = 4; lastKnownFileType = sourcecode.swift; path = Card.swift; sourceTree = "<group>"; };
		28D9C7BD1D40B484008656D9 /* Merchant.swift */ = {isa = PBXFileReference; fileEncoding = 4; lastKnownFileType = sourcecode.swift; path = Merchant.swift; sourceTree = "<group>"; };
		28D9C7BF1D40BDA7008656D9 /* CardCollectionViewCell.swift */ = {isa = PBXFileReference; fileEncoding = 4; lastKnownFileType = sourcecode.swift; path = CardCollectionViewCell.swift; sourceTree = "<group>"; };
		28D9C7C11D40C58C008656D9 /* .gitignore */ = {isa = PBXFileReference; fileEncoding = 4; lastKnownFileType = text; path = .gitignore; sourceTree = SOURCE_ROOT; };
		28D9C7C31D4396DE008656D9 /* AddCardTableViewCell.swift */ = {isa = PBXFileReference; fileEncoding = 4; lastKnownFileType = sourcecode.swift; path = AddCardTableViewCell.swift; sourceTree = "<group>"; };
		BEA08162BC5B8B6D1FC1C04F /* Pods_beepLAH.framework */ = {isa = PBXFileReference; explicitFileType = wrapper.framework; includeInIndex = 0; path = Pods_beepLAH.framework; sourceTree = BUILT_PRODUCTS_DIR; };
		E68B46F42001BFAFF6FC4D18 /* Pods-beepLAH.release.xcconfig */ = {isa = PBXFileReference; includeInIndex = 1; lastKnownFileType = text.xcconfig; name = "Pods-beepLAH.release.xcconfig"; path = "Pods/Target Support Files/Pods-beepLAH/Pods-beepLAH.release.xcconfig"; sourceTree = "<group>"; };
/* End PBXFileReference section */

/* Begin PBXFrameworksBuildPhase section */
		280CD2341D3DD1BD00EF2957 /* Frameworks */ = {
			isa = PBXFrameworksBuildPhase;
			buildActionMask = 2147483647;
			files = (
				B401A5C32FAE20309353121A /* Pods_beepLAH.framework in Frameworks */,
			);
			runOnlyForDeploymentPostprocessing = 0;
		};
/* End PBXFrameworksBuildPhase section */

/* Begin PBXGroup section */
		18DA37B81B9E01B3581C4AEC /* Pods */ = {
			isa = PBXGroup;
			children = (
				1A9F538125E8DC6A9F1C435A /* Pods-beepLAH.debug.xcconfig */,
				E68B46F42001BFAFF6FC4D18 /* Pods-beepLAH.release.xcconfig */,
			);
			name = Pods;
			sourceTree = "<group>";
		};
		280CD22E1D3DD1BD00EF2957 = {
			isa = PBXGroup;
			children = (
				28D9C7C11D40C58C008656D9 /* .gitignore */,
				280CD2391D3DD1BD00EF2957 /* beepLAH */,
				280CD2381D3DD1BD00EF2957 /* Products */,
				18DA37B81B9E01B3581C4AEC /* Pods */,
				FB8DDD78C3FE706FCE4DC99E /* Frameworks */,
			);
			sourceTree = "<group>";
		};
		280CD2381D3DD1BD00EF2957 /* Products */ = {
			isa = PBXGroup;
			children = (
				280CD2371D3DD1BD00EF2957 /* beepLAH.app */,
			);
			name = Products;
			sourceTree = "<group>";
		};
		280CD2391D3DD1BD00EF2957 /* beepLAH */ = {
			isa = PBXGroup;
			children = (
				21EB27C31D41DE430021C7A7 /* UserProfileTableViewCell.swift */,
				280CD23A1D3DD1BD00EF2957 /* AppDelegate.swift */,
				280CD2511D3E247400EF2957 /* SignUpViewController.swift */,
				280CD2531D3E24AC00EF2957 /* User.swift */,
				28D9C7B71D40ACB9008656D9 /* AddCardViewController.swift */,
				28D9C7C31D4396DE008656D9 /* AddCardTableViewCell.swift */,
				28D9C7BD1D40B484008656D9 /* Merchant.swift */,
				280CD2551D3E24D800EF2957 /* LoginViewController.swift */,
				280CD23E1D3DD1BD00EF2957 /* Main.storyboard */,
				28D9C7BF1D40BDA7008656D9 /* CardCollectionViewCell.swift */,
				28D9C7B91D40AFDC008656D9 /* Card.swift */,
				28D9C7B31D40AAB4008656D9 /* NewsletterCollectionViewCell.swift */,
				28D9C7B11D40AA7F008656D9 /* NewsletterViewController.swift */,
				280CD2571D3E2A4300EF2957 /* CardsViewController.swift */,
				28D9C7AF1D40A892008656D9 /* QRCameraViewController.swift */,
				280CD2441D3DD1BD00EF2957 /* Assets.xcassets */,
				280CD2461D3DD1BD00EF2957 /* LaunchScreen.storyboard */,
				280CD2491D3DD1BD00EF2957 /* Info.plist */,
				280CD2411D3DD1BD00EF2957 /* beepLAH.xcdatamodeld */,
				280CD24F1D3DD35400EF2957 /* GoogleService-Info.plist */,
				21EB27C11D41C6C10021C7A7 /* userProfileController.swift */,
			);
			path = beepLAH;
			sourceTree = "<group>";
		};
		FB8DDD78C3FE706FCE4DC99E /* Frameworks */ = {
			isa = PBXGroup;
			children = (
				BEA08162BC5B8B6D1FC1C04F /* Pods_beepLAH.framework */,
			);
			name = Frameworks;
			sourceTree = "<group>";
		};
/* End PBXGroup section */

/* Begin PBXNativeTarget section */
		280CD2361D3DD1BD00EF2957 /* beepLAH */ = {
			isa = PBXNativeTarget;
			buildConfigurationList = 280CD24C1D3DD1BD00EF2957 /* Build configuration list for PBXNativeTarget "beepLAH" */;
			buildPhases = (
				8C135B93EBB41D28319C71BF /* [CP] Check Pods Manifest.lock */,
				280CD2331D3DD1BD00EF2957 /* Sources */,
				280CD2341D3DD1BD00EF2957 /* Frameworks */,
				280CD2351D3DD1BD00EF2957 /* Resources */,
				A9F8AA2C1D18707F8BB2E5D0 /* [CP] Embed Pods Frameworks */,
				65B8EAF9FE8365A8E637F825 /* [CP] Copy Pods Resources */,
			);
			buildRules = (
			);
			dependencies = (
			);
			name = beepLAH;
			productName = beepLAH;
			productReference = 280CD2371D3DD1BD00EF2957 /* beepLAH.app */;
			productType = "com.apple.product-type.application";
		};
/* End PBXNativeTarget section */

/* Begin PBXProject section */
		280CD22F1D3DD1BD00EF2957 /* Project object */ = {
			isa = PBXProject;
			attributes = {
				LastSwiftUpdateCheck = 0730;
				LastUpgradeCheck = 0730;
				ORGANIZATIONNAME = JJ;
				TargetAttributes = {
					280CD2361D3DD1BD00EF2957 = {
						CreatedOnToolsVersion = 7.3.1;
						DevelopmentTeam = 3WZ6VSM94X;
					};
				};
			};
			buildConfigurationList = 280CD2321D3DD1BD00EF2957 /* Build configuration list for PBXProject "beepLAH" */;
			compatibilityVersion = "Xcode 3.2";
			developmentRegion = English;
			hasScannedForEncodings = 0;
			knownRegions = (
				en,
				Base,
			);
			mainGroup = 280CD22E1D3DD1BD00EF2957;
			productRefGroup = 280CD2381D3DD1BD00EF2957 /* Products */;
			projectDirPath = "";
			projectRoot = "";
			targets = (
				280CD2361D3DD1BD00EF2957 /* beepLAH */,
			);
		};
/* End PBXProject section */

/* Begin PBXResourcesBuildPhase section */
		280CD2351D3DD1BD00EF2957 /* Resources */ = {
			isa = PBXResourcesBuildPhase;
			buildActionMask = 2147483647;
			files = (
				28D9C7C21D40C58C008656D9 /* .gitignore in Resources */,
				280CD2481D3DD1BD00EF2957 /* LaunchScreen.storyboard in Resources */,
				280CD2501D3DD35400EF2957 /* GoogleService-Info.plist in Resources */,
				280CD2451D3DD1BD00EF2957 /* Assets.xcassets in Resources */,
				280CD2401D3DD1BD00EF2957 /* Main.storyboard in Resources */,
			);
			runOnlyForDeploymentPostprocessing = 0;
		};
/* End PBXResourcesBuildPhase section */

/* Begin PBXShellScriptBuildPhase section */
		65B8EAF9FE8365A8E637F825 /* [CP] Copy Pods Resources */ = {
			isa = PBXShellScriptBuildPhase;
			buildActionMask = 2147483647;
			files = (
			);
			inputPaths = (
			);
			name = "[CP] Copy Pods Resources";
			outputPaths = (
			);
			runOnlyForDeploymentPostprocessing = 0;
			shellPath = /bin/sh;
			shellScript = "\"${SRCROOT}/Pods/Target Support Files/Pods-beepLAH/Pods-beepLAH-resources.sh\"\n";
			showEnvVarsInLog = 0;
		};
		8C135B93EBB41D28319C71BF /* [CP] Check Pods Manifest.lock */ = {
			isa = PBXShellScriptBuildPhase;
			buildActionMask = 2147483647;
			files = (
			);
			inputPaths = (
			);
			name = "[CP] Check Pods Manifest.lock";
			outputPaths = (
			);
			runOnlyForDeploymentPostprocessing = 0;
			shellPath = /bin/sh;
			shellScript = "diff \"${PODS_ROOT}/../Podfile.lock\" \"${PODS_ROOT}/Manifest.lock\" > /dev/null\nif [[ $? != 0 ]] ; then\n    cat << EOM\nerror: The sandbox is not in sync with the Podfile.lock. Run 'pod install' or update your CocoaPods installation.\nEOM\n    exit 1\nfi\n";
			showEnvVarsInLog = 0;
		};
		A9F8AA2C1D18707F8BB2E5D0 /* [CP] Embed Pods Frameworks */ = {
			isa = PBXShellScriptBuildPhase;
			buildActionMask = 2147483647;
			files = (
			);
			inputPaths = (
			);
			name = "[CP] Embed Pods Frameworks";
			outputPaths = (
			);
			runOnlyForDeploymentPostprocessing = 0;
			shellPath = /bin/sh;
			shellScript = "\"${SRCROOT}/Pods/Target Support Files/Pods-beepLAH/Pods-beepLAH-frameworks.sh\"\n";
			showEnvVarsInLog = 0;
		};
/* End PBXShellScriptBuildPhase section */

/* Begin PBXSourcesBuildPhase section */
		280CD2331D3DD1BD00EF2957 /* Sources */ = {
			isa = PBXSourcesBuildPhase;
			buildActionMask = 2147483647;
			files = (
				280CD2541D3E24AC00EF2957 /* User.swift in Sources */,
				280CD2521D3E247400EF2957 /* SignUpViewController.swift in Sources */,
				280CD2581D3E2A4300EF2957 /* CardsViewController.swift in Sources */,
				28D9C7B41D40AAB4008656D9 /* NewsletterCollectionViewCell.swift in Sources */,
				21EB27C41D41DE430021C7A7 /* UserProfileTableViewCell.swift in Sources */,
				21EB27C21D41C6C10021C7A7 /* userProfileController.swift in Sources */,
				28D9C7B81D40ACB9008656D9 /* AddCardViewController.swift in Sources */,
				280CD23B1D3DD1BD00EF2957 /* AppDelegate.swift in Sources */,
				280CD2561D3E24D800EF2957 /* LoginViewController.swift in Sources */,
				28D9C7C01D40BDA7008656D9 /* CardCollectionViewCell.swift in Sources */,
				28D9C7B21D40AA7F008656D9 /* NewsletterViewController.swift in Sources */,
				28D9C7C41D4396DE008656D9 /* AddCardTableViewCell.swift in Sources */,
				28D9C7BE1D40B484008656D9 /* Merchant.swift in Sources */,
				280CD2431D3DD1BD00EF2957 /* beepLAH.xcdatamodeld in Sources */,
				28D9C7B01D40A892008656D9 /* QRCameraViewController.swift in Sources */,
				28D9C7BA1D40AFDC008656D9 /* Card.swift in Sources */,
			);
			runOnlyForDeploymentPostprocessing = 0;
		};
/* End PBXSourcesBuildPhase section */

/* Begin PBXVariantGroup section */
		280CD23E1D3DD1BD00EF2957 /* Main.storyboard */ = {
			isa = PBXVariantGroup;
			children = (
				280CD23F1D3DD1BD00EF2957 /* Base */,
			);
			name = Main.storyboard;
			sourceTree = "<group>";
		};
		280CD2461D3DD1BD00EF2957 /* LaunchScreen.storyboard */ = {
			isa = PBXVariantGroup;
			children = (
				280CD2471D3DD1BD00EF2957 /* Base */,
			);
			name = LaunchScreen.storyboard;
			sourceTree = "<group>";
		};
/* End PBXVariantGroup section */

/* Begin XCBuildConfiguration section */
		280CD24A1D3DD1BD00EF2957 /* Debug */ = {
			isa = XCBuildConfiguration;
			buildSettings = {
				ALWAYS_SEARCH_USER_PATHS = NO;
				CLANG_ANALYZER_NONNULL = YES;
				CLANG_CXX_LANGUAGE_STANDARD = "gnu++0x";
				CLANG_CXX_LIBRARY = "libc++";
				CLANG_ENABLE_MODULES = YES;
				CLANG_ENABLE_OBJC_ARC = YES;
				CLANG_WARN_BOOL_CONVERSION = YES;
				CLANG_WARN_CONSTANT_CONVERSION = YES;
				CLANG_WARN_DIRECT_OBJC_ISA_USAGE = YES_ERROR;
				CLANG_WARN_EMPTY_BODY = YES;
				CLANG_WARN_ENUM_CONVERSION = YES;
				CLANG_WARN_INT_CONVERSION = YES;
				CLANG_WARN_OBJC_ROOT_CLASS = YES_ERROR;
				CLANG_WARN_UNREACHABLE_CODE = YES;
				CLANG_WARN__DUPLICATE_METHOD_MATCH = YES;
				"CODE_SIGN_IDENTITY[sdk=iphoneos*]" = "iPhone Developer";
				COPY_PHASE_STRIP = NO;
				DEBUG_INFORMATION_FORMAT = dwarf;
				ENABLE_STRICT_OBJC_MSGSEND = YES;
				ENABLE_TESTABILITY = YES;
				GCC_C_LANGUAGE_STANDARD = gnu99;
				GCC_DYNAMIC_NO_PIC = NO;
				GCC_NO_COMMON_BLOCKS = YES;
				GCC_OPTIMIZATION_LEVEL = 0;
				GCC_PREPROCESSOR_DEFINITIONS = (
					"DEBUG=1",
					"$(inherited)",
				);
				GCC_WARN_64_TO_32_BIT_CONVERSION = YES;
				GCC_WARN_ABOUT_RETURN_TYPE = YES_ERROR;
				GCC_WARN_UNDECLARED_SELECTOR = YES;
				GCC_WARN_UNINITIALIZED_AUTOS = YES_AGGRESSIVE;
				GCC_WARN_UNUSED_FUNCTION = YES;
				GCC_WARN_UNUSED_VARIABLE = YES;
				IPHONEOS_DEPLOYMENT_TARGET = 8.1;
				MTL_ENABLE_DEBUG_INFO = YES;
				ONLY_ACTIVE_ARCH = YES;
				SDKROOT = iphoneos;
				SWIFT_OPTIMIZATION_LEVEL = "-Onone";
				TARGETED_DEVICE_FAMILY = "1,2";
			};
			name = Debug;
		};
		280CD24B1D3DD1BD00EF2957 /* Release */ = {
			isa = XCBuildConfiguration;
			buildSettings = {
				ALWAYS_SEARCH_USER_PATHS = NO;
				CLANG_ANALYZER_NONNULL = YES;
				CLANG_CXX_LANGUAGE_STANDARD = "gnu++0x";
				CLANG_CXX_LIBRARY = "libc++";
				CLANG_ENABLE_MODULES = YES;
				CLANG_ENABLE_OBJC_ARC = YES;
				CLANG_WARN_BOOL_CONVERSION = YES;
				CLANG_WARN_CONSTANT_CONVERSION = YES;
				CLANG_WARN_DIRECT_OBJC_ISA_USAGE = YES_ERROR;
				CLANG_WARN_EMPTY_BODY = YES;
				CLANG_WARN_ENUM_CONVERSION = YES;
				CLANG_WARN_INT_CONVERSION = YES;
				CLANG_WARN_OBJC_ROOT_CLASS = YES_ERROR;
				CLANG_WARN_UNREACHABLE_CODE = YES;
				CLANG_WARN__DUPLICATE_METHOD_MATCH = YES;
				"CODE_SIGN_IDENTITY[sdk=iphoneos*]" = "iPhone Developer";
				COPY_PHASE_STRIP = NO;
				DEBUG_INFORMATION_FORMAT = "dwarf-with-dsym";
				ENABLE_NS_ASSERTIONS = NO;
				ENABLE_STRICT_OBJC_MSGSEND = YES;
				GCC_C_LANGUAGE_STANDARD = gnu99;
				GCC_NO_COMMON_BLOCKS = YES;
				GCC_WARN_64_TO_32_BIT_CONVERSION = YES;
				GCC_WARN_ABOUT_RETURN_TYPE = YES_ERROR;
				GCC_WARN_UNDECLARED_SELECTOR = YES;
				GCC_WARN_UNINITIALIZED_AUTOS = YES_AGGRESSIVE;
				GCC_WARN_UNUSED_FUNCTION = YES;
				GCC_WARN_UNUSED_VARIABLE = YES;
				IPHONEOS_DEPLOYMENT_TARGET = 8.1;
				MTL_ENABLE_DEBUG_INFO = NO;
				SDKROOT = iphoneos;
				TARGETED_DEVICE_FAMILY = "1,2";
				VALIDATE_PRODUCT = YES;
			};
			name = Release;
		};
		280CD24D1D3DD1BD00EF2957 /* Debug */ = {
			isa = XCBuildConfiguration;
			baseConfigurationReference = 1A9F538125E8DC6A9F1C435A /* Pods-beepLAH.debug.xcconfig */;
			buildSettings = {
				ASSETCATALOG_COMPILER_APPICON_NAME = AppIcon;
				CODE_SIGN_IDENTITY = "iPhone Developer";
				"CODE_SIGN_IDENTITY[sdk=iphoneos*]" = "iPhone Developer";
				INFOPLIST_FILE = beepLAH/Info.plist;
				LD_RUNPATH_SEARCH_PATHS = "$(inherited) @executable_path/Frameworks";
				PRODUCT_BUNDLE_IDENTIFIER = com.JJ.beepLAH;
				PRODUCT_NAME = "$(TARGET_NAME)";
				PROVISIONING_PROFILE = "";
			};
			name = Debug;
		};
		280CD24E1D3DD1BD00EF2957 /* Release */ = {
			isa = XCBuildConfiguration;
			baseConfigurationReference = E68B46F42001BFAFF6FC4D18 /* Pods-beepLAH.release.xcconfig */;
			buildSettings = {
				ASSETCATALOG_COMPILER_APPICON_NAME = AppIcon;
				CODE_SIGN_IDENTITY = "iPhone Developer";
				"CODE_SIGN_IDENTITY[sdk=iphoneos*]" = "iPhone Developer";
				INFOPLIST_FILE = beepLAH/Info.plist;
				LD_RUNPATH_SEARCH_PATHS = "$(inherited) @executable_path/Frameworks";
				PRODUCT_BUNDLE_IDENTIFIER = com.JJ.beepLAH;
				PRODUCT_NAME = "$(TARGET_NAME)";
				PROVISIONING_PROFILE = "";
			};
			name = Release;
		};
/* End XCBuildConfiguration section */

/* Begin XCConfigurationList section */
		280CD2321D3DD1BD00EF2957 /* Build configuration list for PBXProject "beepLAH" */ = {
			isa = XCConfigurationList;
			buildConfigurations = (
				280CD24A1D3DD1BD00EF2957 /* Debug */,
				280CD24B1D3DD1BD00EF2957 /* Release */,
			);
			defaultConfigurationIsVisible = 0;
			defaultConfigurationName = Release;
		};
		280CD24C1D3DD1BD00EF2957 /* Build configuration list for PBXNativeTarget "beepLAH" */ = {
			isa = XCConfigurationList;
			buildConfigurations = (
				280CD24D1D3DD1BD00EF2957 /* Debug */,
				280CD24E1D3DD1BD00EF2957 /* Release */,
			);
			defaultConfigurationIsVisible = 0;
			defaultConfigurationName = Release;
		};
/* End XCConfigurationList section */

/* Begin XCVersionGroup section */
		280CD2411D3DD1BD00EF2957 /* beepLAH.xcdatamodeld */ = {
			isa = XCVersionGroup;
			children = (
				280CD2421D3DD1BD00EF2957 /* beepLAH.xcdatamodel */,
			);
			currentVersion = 280CD2421D3DD1BD00EF2957 /* beepLAH.xcdatamodel */;
			path = beepLAH.xcdatamodeld;
			sourceTree = "<group>";
			versionGroupType = wrapper.xcdatamodel;
		};
/* End XCVersionGroup section */
	};
	rootObject = 280CD22F1D3DD1BD00EF2957 /* Project object */;
}
